// !$*UTF8*$!
{
	archiveVersion = 1;
	classes = {
	};
	objectVersion = 50;
	objects = {

/* Begin PBXBuildFile section */
		9661D784245E5CF000550521 /* GameOfLifeEventHandlerTests.swift in Sources */ = {isa = PBXBuildFile; fileRef = 9661D783245E5CF000550521 /* GameOfLifeEventHandlerTests.swift */; };
		9661D79C245E5E4A00550521 /* Cooridnator.framework in Frameworks */ = {isa = PBXBuildFile; fileRef = 9661D793245E5E4A00550521 /* Cooridnator.framework */; };
		9661D7A3245E5E4A00550521 /* CooridnatorTests.swift in Sources */ = {isa = PBXBuildFile; fileRef = 9661D7A2245E5E4A00550521 /* CooridnatorTests.swift */; };
		9661D7A5245E5E4A00550521 /* Cooridnator.h in Headers */ = {isa = PBXBuildFile; fileRef = 9661D795245E5E4A00550521 /* Cooridnator.h */; settings = {ATTRIBUTES = (Public, ); }; };
		9661D7B9245E60D900550521 /* EventHandler.swift in Sources */ = {isa = PBXBuildFile; fileRef = 9661D7B4245E60D800550521 /* EventHandler.swift */; };
		9661D7BB245E60D900550521 /* EventCoordinator.swift in Sources */ = {isa = PBXBuildFile; fileRef = 9661D7B6245E60D900550521 /* EventCoordinator.swift */; };
		96C90C662461517400844C6D /* AppDelegate.swift in Sources */ = {isa = PBXBuildFile; fileRef = 96C90C652461517400844C6D /* AppDelegate.swift */; };
		96C90C682461517400844C6D /* SceneDelegate.swift in Sources */ = {isa = PBXBuildFile; fileRef = 96C90C672461517400844C6D /* SceneDelegate.swift */; };
		96C90C6A2461517400844C6D /* GameOfLifeView.swift in Sources */ = {isa = PBXBuildFile; fileRef = 96C90C692461517400844C6D /* GameOfLifeView.swift */; };
		96C90C6C2461517600844C6D /* Assets.xcassets in Resources */ = {isa = PBXBuildFile; fileRef = 96C90C6B2461517600844C6D /* Assets.xcassets */; };
		96C90C6F2461517600844C6D /* Preview Assets.xcassets in Resources */ = {isa = PBXBuildFile; fileRef = 96C90C6E2461517600844C6D /* Preview Assets.xcassets */; };
		96C90C722461517600844C6D /* LaunchScreen.storyboard in Resources */ = {isa = PBXBuildFile; fileRef = 96C90C702461517600844C6D /* LaunchScreen.storyboard */; };
		96C90C79246154A800844C6D /* GameOfLifeEventHandler.swift in Sources */ = {isa = PBXBuildFile; fileRef = 96D68BFE245E958400E77B13 /* GameOfLifeEventHandler.swift */; };
		96C90C7A246154AB00844C6D /* GameOfLifeAsyncActionHandler.swift in Sources */ = {isa = PBXBuildFile; fileRef = 96D68C03245F79C100E77B13 /* GameOfLifeAsyncActionHandler.swift */; };
		96C90C7D2461560300844C6D /* GameOfLifeViewModel.swift in Sources */ = {isa = PBXBuildFile; fileRef = 96C90C7C2461560300844C6D /* GameOfLifeViewModel.swift */; };
		96D68C01245EA8CD00E77B13 /* State.swift in Sources */ = {isa = PBXBuildFile; fileRef = 96D68C00245EA8CD00E77B13 /* State.swift */; };
/* End PBXBuildFile section */

/* Begin PBXContainerItemProxy section */
		9661D79D245E5E4A00550521 /* PBXContainerItemProxy */ = {
			isa = PBXContainerItemProxy;
			containerPortal = 9661D75D245E5CED00550521 /* Project object */;
			proxyType = 1;
			remoteGlobalIDString = 9661D792245E5E4A00550521;
			remoteInfo = Cooridnator;
		};
/* End PBXContainerItemProxy section */

/* Begin PBXFileReference section */
		9661D77F245E5CF000550521 /* LifeTests.xctest */ = {isa = PBXFileReference; explicitFileType = wrapper.cfbundle; includeInIndex = 0; path = LifeTests.xctest; sourceTree = BUILT_PRODUCTS_DIR; };
		9661D783245E5CF000550521 /* GameOfLifeEventHandlerTests.swift */ = {isa = PBXFileReference; lastKnownFileType = sourcecode.swift; path = GameOfLifeEventHandlerTests.swift; sourceTree = "<group>"; };
		9661D785245E5CF000550521 /* Info.plist */ = {isa = PBXFileReference; lastKnownFileType = text.plist.xml; path = Info.plist; sourceTree = "<group>"; };
		9661D793245E5E4A00550521 /* Cooridnator.framework */ = {isa = PBXFileReference; explicitFileType = wrapper.framework; includeInIndex = 0; path = Cooridnator.framework; sourceTree = BUILT_PRODUCTS_DIR; };
		9661D795245E5E4A00550521 /* Cooridnator.h */ = {isa = PBXFileReference; lastKnownFileType = sourcecode.c.h; path = Cooridnator.h; sourceTree = "<group>"; };
		9661D796245E5E4A00550521 /* Info.plist */ = {isa = PBXFileReference; lastKnownFileType = text.plist.xml; path = Info.plist; sourceTree = "<group>"; };
		9661D79B245E5E4A00550521 /* CooridnatorTests.xctest */ = {isa = PBXFileReference; explicitFileType = wrapper.cfbundle; includeInIndex = 0; path = CooridnatorTests.xctest; sourceTree = BUILT_PRODUCTS_DIR; };
		9661D7A2245E5E4A00550521 /* CooridnatorTests.swift */ = {isa = PBXFileReference; lastKnownFileType = sourcecode.swift; path = CooridnatorTests.swift; sourceTree = "<group>"; };
		9661D7A4245E5E4A00550521 /* Info.plist */ = {isa = PBXFileReference; lastKnownFileType = text.plist.xml; path = Info.plist; sourceTree = "<group>"; };
		9661D7B4245E60D800550521 /* EventHandler.swift */ = {isa = PBXFileReference; fileEncoding = 4; lastKnownFileType = sourcecode.swift; path = EventHandler.swift; sourceTree = "<group>"; };
		9661D7B6245E60D900550521 /* EventCoordinator.swift */ = {isa = PBXFileReference; fileEncoding = 4; lastKnownFileType = sourcecode.swift; path = EventCoordinator.swift; sourceTree = "<group>"; };
		96C90C632461517400844C6D /* Life.app */ = {isa = PBXFileReference; explicitFileType = wrapper.application; includeInIndex = 0; path = Life.app; sourceTree = BUILT_PRODUCTS_DIR; };
		96C90C652461517400844C6D /* AppDelegate.swift */ = {isa = PBXFileReference; lastKnownFileType = sourcecode.swift; path = AppDelegate.swift; sourceTree = "<group>"; };
		96C90C672461517400844C6D /* SceneDelegate.swift */ = {isa = PBXFileReference; lastKnownFileType = sourcecode.swift; path = SceneDelegate.swift; sourceTree = "<group>"; };
		96C90C692461517400844C6D /* GameOfLifeView.swift */ = {isa = PBXFileReference; lastKnownFileType = sourcecode.swift; path = GameOfLifeView.swift; sourceTree = "<group>"; };
		96C90C6B2461517600844C6D /* Assets.xcassets */ = {isa = PBXFileReference; lastKnownFileType = folder.assetcatalog; path = Assets.xcassets; sourceTree = "<group>"; };
		96C90C6E2461517600844C6D /* Preview Assets.xcassets */ = {isa = PBXFileReference; lastKnownFileType = folder.assetcatalog; path = "Preview Assets.xcassets"; sourceTree = "<group>"; };
		96C90C712461517600844C6D /* Base */ = {isa = PBXFileReference; lastKnownFileType = file.storyboard; name = Base; path = Base.lproj/LaunchScreen.storyboard; sourceTree = "<group>"; };
		96C90C732461517600844C6D /* Info.plist */ = {isa = PBXFileReference; lastKnownFileType = text.plist.xml; path = Info.plist; sourceTree = "<group>"; };
		96C90C7C2461560300844C6D /* GameOfLifeViewModel.swift */ = {isa = PBXFileReference; lastKnownFileType = sourcecode.swift; path = GameOfLifeViewModel.swift; sourceTree = "<group>"; };
		96D68BFE245E958400E77B13 /* GameOfLifeEventHandler.swift */ = {isa = PBXFileReference; lastKnownFileType = sourcecode.swift; path = GameOfLifeEventHandler.swift; sourceTree = "<group>"; };
		96D68C00245EA8CD00E77B13 /* State.swift */ = {isa = PBXFileReference; lastKnownFileType = sourcecode.swift; path = State.swift; sourceTree = "<group>"; };
		96D68C02245F712B00E77B13 /* README.md */ = {isa = PBXFileReference; lastKnownFileType = net.daringfireball.markdown; path = README.md; sourceTree = "<group>"; };
		96D68C03245F79C100E77B13 /* GameOfLifeAsyncActionHandler.swift */ = {isa = PBXFileReference; lastKnownFileType = sourcecode.swift; path = GameOfLifeAsyncActionHandler.swift; sourceTree = "<group>"; };
/* End PBXFileReference section */

/* Begin PBXFrameworksBuildPhase section */
		9661D77C245E5CF000550521 /* Frameworks */ = {
			isa = PBXFrameworksBuildPhase;
			buildActionMask = 2147483647;
			files = (
			);
			runOnlyForDeploymentPostprocessing = 0;
		};
		9661D790245E5E4A00550521 /* Frameworks */ = {
			isa = PBXFrameworksBuildPhase;
			buildActionMask = 2147483647;
			files = (
			);
			runOnlyForDeploymentPostprocessing = 0;
		};
		9661D798245E5E4A00550521 /* Frameworks */ = {
			isa = PBXFrameworksBuildPhase;
			buildActionMask = 2147483647;
			files = (
				9661D79C245E5E4A00550521 /* Cooridnator.framework in Frameworks */,
			);
			runOnlyForDeploymentPostprocessing = 0;
		};
		96C90C602461517400844C6D /* Frameworks */ = {
			isa = PBXFrameworksBuildPhase;
			buildActionMask = 2147483647;
			files = (
			);
			runOnlyForDeploymentPostprocessing = 0;
		};
/* End PBXFrameworksBuildPhase section */

/* Begin PBXGroup section */
		9661D75C245E5CED00550521 = {
			isa = PBXGroup;
			children = (
				96D68C02245F712B00E77B13 /* README.md */,
				96C90C642461517400844C6D /* Life */,
				9661D782245E5CF000550521 /* LifeTests */,
				9661D794245E5E4A00550521 /* Cooridnator */,
				9661D7A1245E5E4A00550521 /* CooridnatorTests */,
				9661D766245E5CED00550521 /* Products */,
			);
			sourceTree = "<group>";
		};
		9661D766245E5CED00550521 /* Products */ = {
			isa = PBXGroup;
			children = (
				9661D77F245E5CF000550521 /* LifeTests.xctest */,
				9661D793245E5E4A00550521 /* Cooridnator.framework */,
				9661D79B245E5E4A00550521 /* CooridnatorTests.xctest */,
				96C90C632461517400844C6D /* Life.app */,
			);
			name = Products;
			sourceTree = "<group>";
		};
		9661D782245E5CF000550521 /* LifeTests */ = {
			isa = PBXGroup;
			children = (
				9661D783245E5CF000550521 /* GameOfLifeEventHandlerTests.swift */,
				9661D785245E5CF000550521 /* Info.plist */,
			);
			path = LifeTests;
			sourceTree = "<group>";
		};
		9661D794245E5E4A00550521 /* Cooridnator */ = {
			isa = PBXGroup;
			children = (
				9661D795245E5E4A00550521 /* Cooridnator.h */,
				9661D796245E5E4A00550521 /* Info.plist */,
				9661D7B6245E60D900550521 /* EventCoordinator.swift */,
				9661D7B4245E60D800550521 /* EventHandler.swift */,
				96D68C00245EA8CD00E77B13 /* State.swift */,
			);
			path = Cooridnator;
			sourceTree = "<group>";
		};
		9661D7A1245E5E4A00550521 /* CooridnatorTests */ = {
			isa = PBXGroup;
			children = (
				9661D7A2245E5E4A00550521 /* CooridnatorTests.swift */,
				9661D7A4245E5E4A00550521 /* Info.plist */,
			);
			path = CooridnatorTests;
			sourceTree = "<group>";
		};
		969DA61A24865C5300A59635 /* Resources */ = {
			isa = PBXGroup;
			children = (
				96C90C652461517400844C6D /* AppDelegate.swift */,
				96C90C672461517400844C6D /* SceneDelegate.swift */,
				96C90C6B2461517600844C6D /* Assets.xcassets */,
				96C90C702461517600844C6D /* LaunchScreen.storyboard */,
				96C90C732461517600844C6D /* Info.plist */,
				96C90C6D2461517600844C6D /* Preview Content */,
			);
			name = Resources;
			sourceTree = "<group>";
		};
		96C90C642461517400844C6D /* Life */ = {
			isa = PBXGroup;
			children = (
				969DA61A24865C5300A59635 /* Resources */,
				96D68BFE245E958400E77B13 /* GameOfLifeEventHandler.swift */,
				96D68C03245F79C100E77B13 /* GameOfLifeAsyncActionHandler.swift */,
				96C90C7C2461560300844C6D /* GameOfLifeViewModel.swift */,
				96C90C692461517400844C6D /* GameOfLifeView.swift */,
			);
			path = Life;
			sourceTree = "<group>";
		};
		96C90C6D2461517600844C6D /* Preview Content */ = {
			isa = PBXGroup;
			children = (
				96C90C6E2461517600844C6D /* Preview Assets.xcassets */,
			);
			path = "Preview Content";
			sourceTree = "<group>";
		};
/* End PBXGroup section */

/* Begin PBXHeadersBuildPhase section */
		9661D78E245E5E4A00550521 /* Headers */ = {
			isa = PBXHeadersBuildPhase;
			buildActionMask = 2147483647;
			files = (
				9661D7A5245E5E4A00550521 /* Cooridnator.h in Headers */,
			);
			runOnlyForDeploymentPostprocessing = 0;
		};
/* End PBXHeadersBuildPhase section */

/* Begin PBXNativeTarget section */
		9661D77E245E5CF000550521 /* LifeTests */ = {
			isa = PBXNativeTarget;
			buildConfigurationList = 9661D78B245E5CF000550521 /* Build configuration list for PBXNativeTarget "LifeTests" */;
			buildPhases = (
				9661D77B245E5CF000550521 /* Sources */,
				9661D77C245E5CF000550521 /* Frameworks */,
				9661D77D245E5CF000550521 /* Resources */,
			);
			buildRules = (
			);
			dependencies = (
			);
			name = LifeTests;
			productName = LifeTests;
			productReference = 9661D77F245E5CF000550521 /* LifeTests.xctest */;
			productType = "com.apple.product-type.bundle.unit-test";
		};
		9661D792245E5E4A00550521 /* Cooridnator */ = {
			isa = PBXNativeTarget;
			buildConfigurationList = 9661D7AA245E5E4A00550521 /* Build configuration list for PBXNativeTarget "Cooridnator" */;
			buildPhases = (
				9661D78E245E5E4A00550521 /* Headers */,
				9661D78F245E5E4A00550521 /* Sources */,
				9661D790245E5E4A00550521 /* Frameworks */,
				9661D791245E5E4A00550521 /* Resources */,
			);
			buildRules = (
			);
			dependencies = (
			);
			name = Cooridnator;
			productName = Cooridnator;
			productReference = 9661D793245E5E4A00550521 /* Cooridnator.framework */;
			productType = "com.apple.product-type.framework";
		};
		9661D79A245E5E4A00550521 /* CooridnatorTests */ = {
			isa = PBXNativeTarget;
			buildConfigurationList = 9661D7AE245E5E4A00550521 /* Build configuration list for PBXNativeTarget "CooridnatorTests" */;
			buildPhases = (
				9661D797245E5E4A00550521 /* Sources */,
				9661D798245E5E4A00550521 /* Frameworks */,
				9661D799245E5E4A00550521 /* Resources */,
			);
			buildRules = (
			);
			dependencies = (
				9661D79E245E5E4A00550521 /* PBXTargetDependency */,
			);
			name = CooridnatorTests;
			productName = CooridnatorTests;
			productReference = 9661D79B245E5E4A00550521 /* CooridnatorTests.xctest */;
			productType = "com.apple.product-type.bundle.unit-test";
		};
		96C90C622461517400844C6D /* Life */ = {
			isa = PBXNativeTarget;
			buildConfigurationList = 96C90C762461517600844C6D /* Build configuration list for PBXNativeTarget "Life" */;
			buildPhases = (
				96C90C5F2461517400844C6D /* Sources */,
				96C90C602461517400844C6D /* Frameworks */,
				96C90C612461517400844C6D /* Resources */,
			);
			buildRules = (
			);
			dependencies = (
			);
			name = Life;
			productName = Life2;
			productReference = 96C90C632461517400844C6D /* Life.app */;
			productType = "com.apple.product-type.application";
		};
/* End PBXNativeTarget section */

/* Begin PBXProject section */
		9661D75D245E5CED00550521 /* Project object */ = {
			isa = PBXProject;
			attributes = {
				LastSwiftUpdateCheck = 1120;
				LastUpgradeCheck = 1120;
				ORGANIZATIONNAME = "Isaac Ruiz";
				TargetAttributes = {
					9661D77E245E5CF000550521 = {
						CreatedOnToolsVersion = 11.2.1;
						TestTargetID = 9661D764245E5CED00550521;
					};
					9661D792245E5E4A00550521 = {
						CreatedOnToolsVersion = 11.2.1;
						LastSwiftMigration = 1120;
					};
					9661D79A245E5E4A00550521 = {
						CreatedOnToolsVersion = 11.2.1;
						TestTargetID = 9661D764245E5CED00550521;
					};
					96C90C622461517400844C6D = {
						CreatedOnToolsVersion = 11.2.1;
					};
				};
			};
			buildConfigurationList = 9661D760245E5CED00550521 /* Build configuration list for PBXProject "Life" */;
			compatibilityVersion = "Xcode 9.3";
			developmentRegion = en;
			hasScannedForEncodings = 0;
			knownRegions = (
				en,
				Base,
			);
			mainGroup = 9661D75C245E5CED00550521;
			productRefGroup = 9661D766245E5CED00550521 /* Products */;
			projectDirPath = "";
			projectRoot = "";
			targets = (
				96C90C622461517400844C6D /* Life */,
				9661D77E245E5CF000550521 /* LifeTests */,
				9661D792245E5E4A00550521 /* Cooridnator */,
				9661D79A245E5E4A00550521 /* CooridnatorTests */,
			);
		};
/* End PBXProject section */

/* Begin PBXResourcesBuildPhase section */
		9661D77D245E5CF000550521 /* Resources */ = {
			isa = PBXResourcesBuildPhase;
			buildActionMask = 2147483647;
			files = (
			);
			runOnlyForDeploymentPostprocessing = 0;
		};
		9661D791245E5E4A00550521 /* Resources */ = {
			isa = PBXResourcesBuildPhase;
			buildActionMask = 2147483647;
			files = (
			);
			runOnlyForDeploymentPostprocessing = 0;
		};
		9661D799245E5E4A00550521 /* Resources */ = {
			isa = PBXResourcesBuildPhase;
			buildActionMask = 2147483647;
			files = (
			);
			runOnlyForDeploymentPostprocessing = 0;
		};
		96C90C612461517400844C6D /* Resources */ = {
			isa = PBXResourcesBuildPhase;
			buildActionMask = 2147483647;
			files = (
				96C90C722461517600844C6D /* LaunchScreen.storyboard in Resources */,
				96C90C6F2461517600844C6D /* Preview Assets.xcassets in Resources */,
				96C90C6C2461517600844C6D /* Assets.xcassets in Resources */,
			);
			runOnlyForDeploymentPostprocessing = 0;
		};
/* End PBXResourcesBuildPhase section */

/* Begin PBXSourcesBuildPhase section */
		9661D77B245E5CF000550521 /* Sources */ = {
			isa = PBXSourcesBuildPhase;
			buildActionMask = 2147483647;
			files = (
				9661D784245E5CF000550521 /* GameOfLifeEventHandlerTests.swift in Sources */,
			);
			runOnlyForDeploymentPostprocessing = 0;
		};
		9661D78F245E5E4A00550521 /* Sources */ = {
			isa = PBXSourcesBuildPhase;
			buildActionMask = 2147483647;
			files = (
				9661D7BB245E60D900550521 /* EventCoordinator.swift in Sources */,
				9661D7B9245E60D900550521 /* EventHandler.swift in Sources */,
				96D68C01245EA8CD00E77B13 /* State.swift in Sources */,
			);
			runOnlyForDeploymentPostprocessing = 0;
		};
		9661D797245E5E4A00550521 /* Sources */ = {
			isa = PBXSourcesBuildPhase;
			buildActionMask = 2147483647;
			files = (
				9661D7A3245E5E4A00550521 /* CooridnatorTests.swift in Sources */,
			);
			runOnlyForDeploymentPostprocessing = 0;
		};
		96C90C5F2461517400844C6D /* Sources */ = {
			isa = PBXSourcesBuildPhase;
			buildActionMask = 2147483647;
			files = (
				96C90C7A246154AB00844C6D /* GameOfLifeAsyncActionHandler.swift in Sources */,
				96C90C662461517400844C6D /* AppDelegate.swift in Sources */,
				96C90C79246154A800844C6D /* GameOfLifeEventHandler.swift in Sources */,
				96C90C682461517400844C6D /* SceneDelegate.swift in Sources */,
				96C90C7D2461560300844C6D /* GameOfLifeViewModel.swift in Sources */,
				96C90C6A2461517400844C6D /* GameOfLifeView.swift in Sources */,
			);
			runOnlyForDeploymentPostprocessing = 0;
		};
/* End PBXSourcesBuildPhase section */

/* Begin PBXTargetDependency section */
		9661D79E245E5E4A00550521 /* PBXTargetDependency */ = {
			isa = PBXTargetDependency;
			target = 9661D792245E5E4A00550521 /* Cooridnator */;
			targetProxy = 9661D79D245E5E4A00550521 /* PBXContainerItemProxy */;
		};
/* End PBXTargetDependency section */

/* Begin PBXVariantGroup section */
		96C90C702461517600844C6D /* LaunchScreen.storyboard */ = {
			isa = PBXVariantGroup;
			children = (
				96C90C712461517600844C6D /* Base */,
			);
			name = LaunchScreen.storyboard;
			sourceTree = "<group>";
		};
/* End PBXVariantGroup section */

/* Begin XCBuildConfiguration section */
		9661D786245E5CF000550521 /* Debug */ = {
			isa = XCBuildConfiguration;
			buildSettings = {
				ALWAYS_SEARCH_USER_PATHS = NO;
				CLANG_ANALYZER_NONNULL = YES;
				CLANG_ANALYZER_NUMBER_OBJECT_CONVERSION = YES_AGGRESSIVE;
				CLANG_CXX_LANGUAGE_STANDARD = "gnu++14";
				CLANG_CXX_LIBRARY = "libc++";
				CLANG_ENABLE_MODULES = YES;
				CLANG_ENABLE_OBJC_ARC = YES;
				CLANG_ENABLE_OBJC_WEAK = YES;
				CLANG_WARN_BLOCK_CAPTURE_AUTORELEASING = YES;
				CLANG_WARN_BOOL_CONVERSION = YES;
				CLANG_WARN_COMMA = YES;
				CLANG_WARN_CONSTANT_CONVERSION = YES;
				CLANG_WARN_DEPRECATED_OBJC_IMPLEMENTATIONS = YES;
				CLANG_WARN_DIRECT_OBJC_ISA_USAGE = YES_ERROR;
				CLANG_WARN_DOCUMENTATION_COMMENTS = YES;
				CLANG_WARN_EMPTY_BODY = YES;
				CLANG_WARN_ENUM_CONVERSION = YES;
				CLANG_WARN_INFINITE_RECURSION = YES;
				CLANG_WARN_INT_CONVERSION = YES;
				CLANG_WARN_NON_LITERAL_NULL_CONVERSION = YES;
				CLANG_WARN_OBJC_IMPLICIT_RETAIN_SELF = YES;
				CLANG_WARN_OBJC_LITERAL_CONVERSION = YES;
				CLANG_WARN_OBJC_ROOT_CLASS = YES_ERROR;
				CLANG_WARN_RANGE_LOOP_ANALYSIS = YES;
				CLANG_WARN_STRICT_PROTOTYPES = YES;
				CLANG_WARN_SUSPICIOUS_MOVE = YES;
				CLANG_WARN_UNGUARDED_AVAILABILITY = YES_AGGRESSIVE;
				CLANG_WARN_UNREACHABLE_CODE = YES;
				CLANG_WARN__DUPLICATE_METHOD_MATCH = YES;
				COPY_PHASE_STRIP = NO;
				DEBUG_INFORMATION_FORMAT = dwarf;
				ENABLE_STRICT_OBJC_MSGSEND = YES;
				ENABLE_TESTABILITY = YES;
				GCC_C_LANGUAGE_STANDARD = gnu11;
				GCC_DYNAMIC_NO_PIC = NO;
				GCC_NO_COMMON_BLOCKS = YES;
				GCC_OPTIMIZATION_LEVEL = 0;
				GCC_PREPROCESSOR_DEFINITIONS = (
					"DEBUG=1",
					"$(inherited)",
				);
				GCC_WARN_64_TO_32_BIT_CONVERSION = YES;
				GCC_WARN_ABOUT_RETURN_TYPE = YES_ERROR;
				GCC_WARN_UNDECLARED_SELECTOR = YES;
				GCC_WARN_UNINITIALIZED_AUTOS = YES_AGGRESSIVE;
				GCC_WARN_UNUSED_FUNCTION = YES;
				GCC_WARN_UNUSED_VARIABLE = YES;
				IPHONEOS_DEPLOYMENT_TARGET = 13.2;
				MTL_ENABLE_DEBUG_INFO = INCLUDE_SOURCE;
				MTL_FAST_MATH = YES;
				ONLY_ACTIVE_ARCH = YES;
				SDKROOT = iphoneos;
				SWIFT_ACTIVE_COMPILATION_CONDITIONS = DEBUG;
				SWIFT_OPTIMIZATION_LEVEL = "-Onone";
			};
			name = Debug;
		};
		9661D787245E5CF000550521 /* Release */ = {
			isa = XCBuildConfiguration;
			buildSettings = {
				ALWAYS_SEARCH_USER_PATHS = NO;
				CLANG_ANALYZER_NONNULL = YES;
				CLANG_ANALYZER_NUMBER_OBJECT_CONVERSION = YES_AGGRESSIVE;
				CLANG_CXX_LANGUAGE_STANDARD = "gnu++14";
				CLANG_CXX_LIBRARY = "libc++";
				CLANG_ENABLE_MODULES = YES;
				CLANG_ENABLE_OBJC_ARC = YES;
				CLANG_ENABLE_OBJC_WEAK = YES;
				CLANG_WARN_BLOCK_CAPTURE_AUTORELEASING = YES;
				CLANG_WARN_BOOL_CONVERSION = YES;
				CLANG_WARN_COMMA = YES;
				CLANG_WARN_CONSTANT_CONVERSION = YES;
				CLANG_WARN_DEPRECATED_OBJC_IMPLEMENTATIONS = YES;
				CLANG_WARN_DIRECT_OBJC_ISA_USAGE = YES_ERROR;
				CLANG_WARN_DOCUMENTATION_COMMENTS = YES;
				CLANG_WARN_EMPTY_BODY = YES;
				CLANG_WARN_ENUM_CONVERSION = YES;
				CLANG_WARN_INFINITE_RECURSION = YES;
				CLANG_WARN_INT_CONVERSION = YES;
				CLANG_WARN_NON_LITERAL_NULL_CONVERSION = YES;
				CLANG_WARN_OBJC_IMPLICIT_RETAIN_SELF = YES;
				CLANG_WARN_OBJC_LITERAL_CONVERSION = YES;
				CLANG_WARN_OBJC_ROOT_CLASS = YES_ERROR;
				CLANG_WARN_RANGE_LOOP_ANALYSIS = YES;
				CLANG_WARN_STRICT_PROTOTYPES = YES;
				CLANG_WARN_SUSPICIOUS_MOVE = YES;
				CLANG_WARN_UNGUARDED_AVAILABILITY = YES_AGGRESSIVE;
				CLANG_WARN_UNREACHABLE_CODE = YES;
				CLANG_WARN__DUPLICATE_METHOD_MATCH = YES;
				COPY_PHASE_STRIP = NO;
				DEBUG_INFORMATION_FORMAT = "dwarf-with-dsym";
				ENABLE_NS_ASSERTIONS = NO;
				ENABLE_STRICT_OBJC_MSGSEND = YES;
				GCC_C_LANGUAGE_STANDARD = gnu11;
				GCC_NO_COMMON_BLOCKS = YES;
				GCC_WARN_64_TO_32_BIT_CONVERSION = YES;
				GCC_WARN_ABOUT_RETURN_TYPE = YES_ERROR;
				GCC_WARN_UNDECLARED_SELECTOR = YES;
				GCC_WARN_UNINITIALIZED_AUTOS = YES_AGGRESSIVE;
				GCC_WARN_UNUSED_FUNCTION = YES;
				GCC_WARN_UNUSED_VARIABLE = YES;
				IPHONEOS_DEPLOYMENT_TARGET = 13.2;
				MTL_ENABLE_DEBUG_INFO = NO;
				MTL_FAST_MATH = YES;
				SDKROOT = iphoneos;
				SWIFT_COMPILATION_MODE = wholemodule;
				SWIFT_OPTIMIZATION_LEVEL = "-O";
				VALIDATE_PRODUCT = YES;
			};
			name = Release;
		};
		9661D78C245E5CF000550521 /* Debug */ = {
			isa = XCBuildConfiguration;
			buildSettings = {
				BUNDLE_LOADER = "$(TEST_HOST)";
				CODE_SIGN_STYLE = Automatic;
				DEVELOPMENT_TEAM = ASK275LEGN;
				INFOPLIST_FILE = LifeTests/Info.plist;
				IPHONEOS_DEPLOYMENT_TARGET = 13.2;
				LD_RUNPATH_SEARCH_PATHS = (
					"$(inherited)",
					"@executable_path/Frameworks",
					"@loader_path/Frameworks",
				);
				PRODUCT_BUNDLE_IDENTIFIER = com.isaacruiz.LifeTests;
				PRODUCT_NAME = "$(TARGET_NAME)";
				SWIFT_VERSION = 5.0;
				TARGETED_DEVICE_FAMILY = "1,2";
				TEST_HOST = "$(BUILT_PRODUCTS_DIR)/Life.app/Life";
			};
			name = Debug;
		};
		9661D78D245E5CF000550521 /* Release */ = {
			isa = XCBuildConfiguration;
			buildSettings = {
				BUNDLE_LOADER = "$(TEST_HOST)";
				CODE_SIGN_STYLE = Automatic;
				DEVELOPMENT_TEAM = ASK275LEGN;
				INFOPLIST_FILE = LifeTests/Info.plist;
				IPHONEOS_DEPLOYMENT_TARGET = 13.2;
				LD_RUNPATH_SEARCH_PATHS = (
					"$(inherited)",
					"@executable_path/Frameworks",
					"@loader_path/Frameworks",
				);
				PRODUCT_BUNDLE_IDENTIFIER = com.isaacruiz.LifeTests;
				PRODUCT_NAME = "$(TARGET_NAME)";
				SWIFT_VERSION = 5.0;
				TARGETED_DEVICE_FAMILY = "1,2";
				TEST_HOST = "$(BUILT_PRODUCTS_DIR)/Life.app/Life";
			};
			name = Release;
		};
		9661D7AB245E5E4A00550521 /* Debug */ = {
			isa = XCBuildConfiguration;
			buildSettings = {
				CLANG_ENABLE_MODULES = YES;
				CODE_SIGN_STYLE = Automatic;
				CURRENT_PROJECT_VERSION = 1;
				DEFINES_MODULE = YES;
				DEVELOPMENT_TEAM = ASK275LEGN;
				DYLIB_COMPATIBILITY_VERSION = 1;
				DYLIB_CURRENT_VERSION = 1;
				DYLIB_INSTALL_NAME_BASE = "@rpath";
				INFOPLIST_FILE = Cooridnator/Info.plist;
				INSTALL_PATH = "$(LOCAL_LIBRARY_DIR)/Frameworks";
				LD_RUNPATH_SEARCH_PATHS = (
					"$(inherited)",
					"@executable_path/Frameworks",
					"@loader_path/Frameworks",
				);
				PRODUCT_BUNDLE_IDENTIFIER = com.isaacruiz.Cooridnator;
				PRODUCT_NAME = "$(TARGET_NAME:c99extidentifier)";
				SKIP_INSTALL = YES;
				SWIFT_OPTIMIZATION_LEVEL = "-Onone";
				SWIFT_VERSION = 5.0;
				TARGETED_DEVICE_FAMILY = "1,2";
				VERSIONING_SYSTEM = "apple-generic";
				VERSION_INFO_PREFIX = "";
			};
			name = Debug;
		};
		9661D7AC245E5E4A00550521 /* Release */ = {
			isa = XCBuildConfiguration;
			buildSettings = {
				CLANG_ENABLE_MODULES = YES;
				CODE_SIGN_STYLE = Automatic;
				CURRENT_PROJECT_VERSION = 1;
				DEFINES_MODULE = YES;
				DEVELOPMENT_TEAM = ASK275LEGN;
				DYLIB_COMPATIBILITY_VERSION = 1;
				DYLIB_CURRENT_VERSION = 1;
				DYLIB_INSTALL_NAME_BASE = "@rpath";
				INFOPLIST_FILE = Cooridnator/Info.plist;
				INSTALL_PATH = "$(LOCAL_LIBRARY_DIR)/Frameworks";
				LD_RUNPATH_SEARCH_PATHS = (
					"$(inherited)",
					"@executable_path/Frameworks",
					"@loader_path/Frameworks",
				);
				PRODUCT_BUNDLE_IDENTIFIER = com.isaacruiz.Cooridnator;
				PRODUCT_NAME = "$(TARGET_NAME:c99extidentifier)";
				SKIP_INSTALL = YES;
				SWIFT_VERSION = 5.0;
				TARGETED_DEVICE_FAMILY = "1,2";
				VERSIONING_SYSTEM = "apple-generic";
				VERSION_INFO_PREFIX = "";
			};
			name = Release;
		};
		9661D7AF245E5E4A00550521 /* Debug */ = {
			isa = XCBuildConfiguration;
			buildSettings = {
				CODE_SIGN_STYLE = Automatic;
				DEVELOPMENT_TEAM = ASK275LEGN;
				INFOPLIST_FILE = CooridnatorTests/Info.plist;
				LD_RUNPATH_SEARCH_PATHS = (
					"$(inherited)",
					"@executable_path/Frameworks",
					"@loader_path/Frameworks",
				);
				PRODUCT_BUNDLE_IDENTIFIER = com.isaacruiz.CooridnatorTests;
				PRODUCT_NAME = "$(TARGET_NAME)";
				SWIFT_VERSION = 5.0;
				TARGETED_DEVICE_FAMILY = "1,2";
				TEST_HOST = "$(BUILT_PRODUCTS_DIR)/Life.app/Life";
			};
			name = Debug;
		};
		9661D7B0245E5E4A00550521 /* Release */ = {
			isa = XCBuildConfiguration;
			buildSettings = {
				CODE_SIGN_STYLE = Automatic;
				DEVELOPMENT_TEAM = ASK275LEGN;
				INFOPLIST_FILE = CooridnatorTests/Info.plist;
				LD_RUNPATH_SEARCH_PATHS = (
					"$(inherited)",
					"@executable_path/Frameworks",
					"@loader_path/Frameworks",
				);
				PRODUCT_BUNDLE_IDENTIFIER = com.isaacruiz.CooridnatorTests;
				PRODUCT_NAME = "$(TARGET_NAME)";
				SWIFT_VERSION = 5.0;
				TARGETED_DEVICE_FAMILY = "1,2";
				TEST_HOST = "$(BUILT_PRODUCTS_DIR)/Life.app/Life";
			};
			name = Release;
		};
		96C90C742461517600844C6D /* Debug */ = {
			isa = XCBuildConfiguration;
			buildSettings = {
				ASSETCATALOG_COMPILER_APPICON_NAME = AppIcon;
				CODE_SIGN_STYLE = Automatic;
				DEVELOPMENT_ASSET_PATHS = "\"Life/Preview Content\"";
				DEVELOPMENT_TEAM = ASK275LEGN;
				ENABLE_PREVIEWS = YES;
				INFOPLIST_FILE = Life/Info.plist;
				LD_RUNPATH_SEARCH_PATHS = (
					"$(inherited)",
					"@executable_path/Frameworks",
				);
				PRODUCT_BUNDLE_IDENTIFIER = com.isaacruiz.Life;
				PRODUCT_NAME = "$(TARGET_NAME)";
				SWIFT_VERSION = 5.0;
				TARGETED_DEVICE_FAMILY = "1,2";
			};
			name = Debug;
		};
		96C90C752461517600844C6D /* Release */ = {
			isa = XCBuildConfiguration;
			buildSettings = {
				ASSETCATALOG_COMPILER_APPICON_NAME = AppIcon;
				CODE_SIGN_STYLE = Automatic;
				DEVELOPMENT_ASSET_PATHS = "\"Life/Preview Content\"";
				DEVELOPMENT_TEAM = ASK275LEGN;
				ENABLE_PREVIEWS = YES;
				INFOPLIST_FILE = Life/Info.plist;
				LD_RUNPATH_SEARCH_PATHS = (
					"$(inherited)",
					"@executable_path/Frameworks",
				);
				PRODUCT_BUNDLE_IDENTIFIER = com.isaacruiz.Life;
				PRODUCT_NAME = "$(TARGET_NAME)";
				SWIFT_VERSION = 5.0;
				TARGETED_DEVICE_FAMILY = "1,2";
			};
			name = Release;
		};
/* End XCBuildConfiguration section */

/* Begin XCConfigurationList section */
		9661D760245E5CED00550521 /* Build configuration list for PBXProject "Life" */ = {
			isa = XCConfigurationList;
			buildConfigurations = (
				9661D786245E5CF000550521 /* Debug */,
				9661D787245E5CF000550521 /* Release */,
			);
			defaultConfigurationIsVisible = 0;
			defaultConfigurationName = Release;
		};
		9661D78B245E5CF000550521 /* Build configuration list for PBXNativeTarget "LifeTests" */ = {
			isa = XCConfigurationList;
			buildConfigurations = (
				9661D78C245E5CF000550521 /* Debug */,
				9661D78D245E5CF000550521 /* Release */,
			);
			defaultConfigurationIsVisible = 0;
			defaultConfigurationName = Release;
		};
		9661D7AA245E5E4A00550521 /* Build configuration list for PBXNativeTarget "Cooridnator" */ = {
			isa = XCConfigurationList;
			buildConfigurations = (
				9661D7AB245E5E4A00550521 /* Debug */,
				9661D7AC245E5E4A00550521 /* Release */,
			);
			defaultConfigurationIsVisible = 0;
			defaultConfigurationName = Release;
		};
		9661D7AE245E5E4A00550521 /* Build configuration list for PBXNativeTarget "CooridnatorTests" */ = {
			isa = XCConfigurationList;
			buildConfigurations = (
				9661D7AF245E5E4A00550521 /* Debug */,
				9661D7B0245E5E4A00550521 /* Release */,
			);
			defaultConfigurationIsVisible = 0;
			defaultConfigurationName = Release;
		};
		96C90C762461517600844C6D /* Build configuration list for PBXNativeTarget "Life" */ = {
			isa = XCConfigurationList;
			buildConfigurations = (
				96C90C742461517600844C6D /* Debug */,
				96C90C752461517600844C6D /* Release */,
			);
			defaultConfigurationIsVisible = 0;
			defaultConfigurationName = Release;
		};
/* End XCConfigurationList section */
	};
	rootObject = 9661D75D245E5CED00550521 /* Project object */;
}
